// !$*UTF8*$!
{
	archiveVersion = 1;
	classes = {
	};
	objectVersion = 56;
	objects = {

/* Begin PBXBuildFile section */
		2700469C2C3CB97E00ACE3D2 /* RealityKitContent in Frameworks */ = {isa = PBXBuildFile; productRef = 2700469B2C3CB97E00ACE3D2 /* RealityKitContent */; };
		2700469E2C3CB97E00ACE3D2 /* StructureApp.swift in Sources */ = {isa = PBXBuildFile; fileRef = 2700469D2C3CB97E00ACE3D2 /* StructureApp.swift */; };
		270046A02C3CB97E00ACE3D2 /* ContentView.swift in Sources */ = {isa = PBXBuildFile; fileRef = 2700469F2C3CB97E00ACE3D2 /* ContentView.swift */; };
		270046A22C3CB97E00ACE3D2 /* ImmersiveView.swift in Sources */ = {isa = PBXBuildFile; fileRef = 270046A12C3CB97E00ACE3D2 /* ImmersiveView.swift */; };
		270046A42C3CB97F00ACE3D2 /* Assets.xcassets in Resources */ = {isa = PBXBuildFile; fileRef = 270046A32C3CB97F00ACE3D2 /* Assets.xcassets */; };
		270046A72C3CB97F00ACE3D2 /* Preview Assets.xcassets in Resources */ = {isa = PBXBuildFile; fileRef = 270046A62C3CB97F00ACE3D2 /* Preview Assets.xcassets */; };
		270046B22C3CB98000ACE3D2 /* StructureTests.swift in Sources */ = {isa = PBXBuildFile; fileRef = 270046B12C3CB98000ACE3D2 /* StructureTests.swift */; };
/* End PBXBuildFile section */

/* Begin PBXContainerItemProxy section */
		270046AE2C3CB98000ACE3D2 /* PBXContainerItemProxy */ = {
			isa = PBXContainerItemProxy;
			containerPortal = 2700468E2C3CB97E00ACE3D2 /* Project object */;
			proxyType = 1;
			remoteGlobalIDString = 270046952C3CB97E00ACE3D2;
			remoteInfo = Structure;
		};
/* End PBXContainerItemProxy section */

/* Begin PBXFileReference section */
		270046962C3CB97E00ACE3D2 /* Structure.app */ = {isa = PBXFileReference; explicitFileType = wrapper.application; includeInIndex = 0; path = Structure.app; sourceTree = BUILT_PRODUCTS_DIR; };
		2700469A2C3CB97E00ACE3D2 /* RealityKitContent */ = {isa = PBXFileReference; lastKnownFileType = wrapper; path = RealityKitContent; sourceTree = "<group>"; };
		2700469D2C3CB97E00ACE3D2 /* StructureApp.swift */ = {isa = PBXFileReference; lastKnownFileType = sourcecode.swift; path = StructureApp.swift; sourceTree = "<group>"; };
		2700469F2C3CB97E00ACE3D2 /* ContentView.swift */ = {isa = PBXFileReference; lastKnownFileType = sourcecode.swift; path = ContentView.swift; sourceTree = "<group>"; };
		270046A12C3CB97E00ACE3D2 /* ImmersiveView.swift */ = {isa = PBXFileReference; lastKnownFileType = sourcecode.swift; path = ImmersiveView.swift; sourceTree = "<group>"; };
		270046A32C3CB97F00ACE3D2 /* Assets.xcassets */ = {isa = PBXFileReference; lastKnownFileType = folder.assetcatalog; path = Assets.xcassets; sourceTree = "<group>"; };
		270046A62C3CB97F00ACE3D2 /* Preview Assets.xcassets */ = {isa = PBXFileReference; lastKnownFileType = folder.assetcatalog; path = "Preview Assets.xcassets"; sourceTree = "<group>"; };
		270046A82C3CB97F00ACE3D2 /* Info.plist */ = {isa = PBXFileReference; lastKnownFileType = text.plist.xml; path = Info.plist; sourceTree = "<group>"; };
		270046AD2C3CB98000ACE3D2 /* StructureTests.xctest */ = {isa = PBXFileReference; explicitFileType = wrapper.cfbundle; includeInIndex = 0; path = StructureTests.xctest; sourceTree = BUILT_PRODUCTS_DIR; };
		270046B12C3CB98000ACE3D2 /* StructureTests.swift */ = {isa = PBXFileReference; lastKnownFileType = sourcecode.swift; path = StructureTests.swift; sourceTree = "<group>"; };
/* End PBXFileReference section */

/* Begin PBXFrameworksBuildPhase section */
		270046932C3CB97E00ACE3D2 /* Frameworks */ = {
			isa = PBXFrameworksBuildPhase;
			buildActionMask = 2147483647;
			files = (
				2700469C2C3CB97E00ACE3D2 /* RealityKitContent in Frameworks */,
			);
			runOnlyForDeploymentPostprocessing = 0;
		};
		270046AA2C3CB98000ACE3D2 /* Frameworks */ = {
			isa = PBXFrameworksBuildPhase;
			buildActionMask = 2147483647;
			files = (
			);
			runOnlyForDeploymentPostprocessing = 0;
		};
/* End PBXFrameworksBuildPhase section */

/* Begin PBXGroup section */
		2700468D2C3CB97E00ACE3D2 = {
			isa = PBXGroup;
			children = (
				270046982C3CB97E00ACE3D2 /* Structure */,
				270046992C3CB97E00ACE3D2 /* Packages */,
				270046B02C3CB98000ACE3D2 /* StructureTests */,
				270046972C3CB97E00ACE3D2 /* Products */,
			);
			sourceTree = "<group>";
		};
		270046972C3CB97E00ACE3D2 /* Products */ = {
			isa = PBXGroup;
			children = (
				270046962C3CB97E00ACE3D2 /* Structure.app */,
				270046AD2C3CB98000ACE3D2 /* StructureTests.xctest */,
			);
			name = Products;
			sourceTree = "<group>";
		};
		270046982C3CB97E00ACE3D2 /* Structure */ = {
			isa = PBXGroup;
			children = (
				2700469D2C3CB97E00ACE3D2 /* StructureApp.swift */,
				2700469F2C3CB97E00ACE3D2 /* ContentView.swift */,
				270046A12C3CB97E00ACE3D2 /* ImmersiveView.swift */,
				270046A32C3CB97F00ACE3D2 /* Assets.xcassets */,
				270046A82C3CB97F00ACE3D2 /* Info.plist */,
				270046A52C3CB97F00ACE3D2 /* Preview Content */,
			);
			path = Structure;
			sourceTree = "<group>";
		};
		270046992C3CB97E00ACE3D2 /* Packages */ = {
			isa = PBXGroup;
			children = (
				2700469A2C3CB97E00ACE3D2 /* RealityKitContent */,
			);
			path = Packages;
			sourceTree = "<group>";
		};
		270046A52C3CB97F00ACE3D2 /* Preview Content */ = {
			isa = PBXGroup;
			children = (
				270046A62C3CB97F00ACE3D2 /* Preview Assets.xcassets */,
			);
			path = "Preview Content";
			sourceTree = "<group>";
		};
		270046B02C3CB98000ACE3D2 /* StructureTests */ = {
			isa = PBXGroup;
			children = (
				270046B12C3CB98000ACE3D2 /* StructureTests.swift */,
			);
			path = StructureTests;
			sourceTree = "<group>";
		};
/* End PBXGroup section */

/* Begin PBXNativeTarget section */
		270046952C3CB97E00ACE3D2 /* Structure */ = {
			isa = PBXNativeTarget;
			buildConfigurationList = 270046B52C3CB98000ACE3D2 /* Build configuration list for PBXNativeTarget "Structure" */;
			buildPhases = (
				270046922C3CB97E00ACE3D2 /* Sources */,
				270046932C3CB97E00ACE3D2 /* Frameworks */,
				270046942C3CB97E00ACE3D2 /* Resources */,
			);
			buildRules = (
			);
			dependencies = (
			);
			name = Structure;
			packageProductDependencies = (
				2700469B2C3CB97E00ACE3D2 /* RealityKitContent */,
			);
			productName = Structure;
			productReference = 270046962C3CB97E00ACE3D2 /* Structure.app */;
			productType = "com.apple.product-type.application";
		};
		270046AC2C3CB98000ACE3D2 /* StructureTests */ = {
			isa = PBXNativeTarget;
			buildConfigurationList = 270046B82C3CB98000ACE3D2 /* Build configuration list for PBXNativeTarget "StructureTests" */;
			buildPhases = (
				270046A92C3CB98000ACE3D2 /* Sources */,
				270046AA2C3CB98000ACE3D2 /* Frameworks */,
				270046AB2C3CB98000ACE3D2 /* Resources */,
			);
			buildRules = (
			);
			dependencies = (
				270046AF2C3CB98000ACE3D2 /* PBXTargetDependency */,
			);
			name = StructureTests;
			productName = StructureTests;
			productReference = 270046AD2C3CB98000ACE3D2 /* StructureTests.xctest */;
			productType = "com.apple.product-type.bundle.unit-test";
		};
/* End PBXNativeTarget section */

/* Begin PBXProject section */
		2700468E2C3CB97E00ACE3D2 /* Project object */ = {
			isa = PBXProject;
			attributes = {
				BuildIndependentTargetsInParallel = 1;
				LastSwiftUpdateCheck = 1540;
				LastUpgradeCheck = 1540;
				TargetAttributes = {
					270046952C3CB97E00ACE3D2 = {
						CreatedOnToolsVersion = 15.4;
					};
					270046AC2C3CB98000ACE3D2 = {
						CreatedOnToolsVersion = 15.4;
						TestTargetID = 270046952C3CB97E00ACE3D2;
					};
				};
			};
			buildConfigurationList = 270046912C3CB97E00ACE3D2 /* Build configuration list for PBXProject "Structure" */;
			compatibilityVersion = "Xcode 14.0";
			developmentRegion = en;
			hasScannedForEncodings = 0;
			knownRegions = (
				en,
				Base,
			);
			mainGroup = 2700468D2C3CB97E00ACE3D2;
			productRefGroup = 270046972C3CB97E00ACE3D2 /* Products */;
			projectDirPath = "";
			projectRoot = "";
			targets = (
				270046952C3CB97E00ACE3D2 /* Structure */,
				270046AC2C3CB98000ACE3D2 /* StructureTests */,
			);
		};
/* End PBXProject section */

/* Begin PBXResourcesBuildPhase section */
		270046942C3CB97E00ACE3D2 /* Resources */ = {
			isa = PBXResourcesBuildPhase;
			buildActionMask = 2147483647;
			files = (
				270046A72C3CB97F00ACE3D2 /* Preview Assets.xcassets in Resources */,
				270046A42C3CB97F00ACE3D2 /* Assets.xcassets in Resources */,
			);
			runOnlyForDeploymentPostprocessing = 0;
		};
		270046AB2C3CB98000ACE3D2 /* Resources */ = {
			isa = PBXResourcesBuildPhase;
			buildActionMask = 2147483647;
			files = (
			);
			runOnlyForDeploymentPostprocessing = 0;
		};
/* End PBXResourcesBuildPhase section */

/* Begin PBXSourcesBuildPhase section */
		270046922C3CB97E00ACE3D2 /* Sources */ = {
			isa = PBXSourcesBuildPhase;
			buildActionMask = 2147483647;
			files = (
				270046A02C3CB97E00ACE3D2 /* ContentView.swift in Sources */,
				2700469E2C3CB97E00ACE3D2 /* StructureApp.swift in Sources */,
				270046A22C3CB97E00ACE3D2 /* ImmersiveView.swift in Sources */,
			);
			runOnlyForDeploymentPostprocessing = 0;
		};
		270046A92C3CB98000ACE3D2 /* Sources */ = {
			isa = PBXSourcesBuildPhase;
			buildActionMask = 2147483647;
			files = (
				270046B22C3CB98000ACE3D2 /* StructureTests.swift in Sources */,
			);
			runOnlyForDeploymentPostprocessing = 0;
		};
/* End PBXSourcesBuildPhase section */

/* Begin PBXTargetDependency section */
		270046AF2C3CB98000ACE3D2 /* PBXTargetDependency */ = {
			isa = PBXTargetDependency;
			target = 270046952C3CB97E00ACE3D2 /* Structure */;
			targetProxy = 270046AE2C3CB98000ACE3D2 /* PBXContainerItemProxy */;
		};
/* End PBXTargetDependency section */

/* Begin XCBuildConfiguration section */
		270046B32C3CB98000ACE3D2 /* Debug */ = {
			isa = XCBuildConfiguration;
			buildSettings = {
				ALWAYS_SEARCH_USER_PATHS = NO;
				ASSETCATALOG_COMPILER_GENERATE_SWIFT_ASSET_SYMBOL_EXTENSIONS = YES;
				CLANG_ANALYZER_NONNULL = YES;
				CLANG_ANALYZER_NUMBER_OBJECT_CONVERSION = YES_AGGRESSIVE;
				CLANG_CXX_LANGUAGE_STANDARD = "gnu++20";
				CLANG_ENABLE_MODULES = YES;
				CLANG_ENABLE_OBJC_ARC = YES;
				CLANG_ENABLE_OBJC_WEAK = YES;
				CLANG_WARN_BLOCK_CAPTURE_AUTORELEASING = YES;
				CLANG_WARN_BOOL_CONVERSION = YES;
				CLANG_WARN_COMMA = YES;
				CLANG_WARN_CONSTANT_CONVERSION = YES;
				CLANG_WARN_DEPRECATED_OBJC_IMPLEMENTATIONS = YES;
				CLANG_WARN_DIRECT_OBJC_ISA_USAGE = YES_ERROR;
				CLANG_WARN_DOCUMENTATION_COMMENTS = YES;
				CLANG_WARN_EMPTY_BODY = YES;
				CLANG_WARN_ENUM_CONVERSION = YES;
				CLANG_WARN_INFINITE_RECURSION = YES;
				CLANG_WARN_INT_CONVERSION = YES;
				CLANG_WARN_NON_LITERAL_NULL_CONVERSION = YES;
				CLANG_WARN_OBJC_IMPLICIT_RETAIN_SELF = YES;
				CLANG_WARN_OBJC_LITERAL_CONVERSION = YES;
				CLANG_WARN_OBJC_ROOT_CLASS = YES_ERROR;
				CLANG_WARN_QUOTED_INCLUDE_IN_FRAMEWORK_HEADER = YES;
				CLANG_WARN_RANGE_LOOP_ANALYSIS = YES;
				CLANG_WARN_STRICT_PROTOTYPES = YES;
				CLANG_WARN_SUSPICIOUS_MOVE = YES;
				CLANG_WARN_UNGUARDED_AVAILABILITY = YES_AGGRESSIVE;
				CLANG_WARN_UNREACHABLE_CODE = YES;
				CLANG_WARN__DUPLICATE_METHOD_MATCH = YES;
				COPY_PHASE_STRIP = NO;
				DEBUG_INFORMATION_FORMAT = dwarf;
				ENABLE_STRICT_OBJC_MSGSEND = YES;
				ENABLE_TESTABILITY = YES;
				ENABLE_USER_SCRIPT_SANDBOXING = YES;
				GCC_C_LANGUAGE_STANDARD = gnu17;
				GCC_DYNAMIC_NO_PIC = NO;
				GCC_NO_COMMON_BLOCKS = YES;
				GCC_OPTIMIZATION_LEVEL = 0;
				GCC_PREPROCESSOR_DEFINITIONS = (
					"DEBUG=1",
					"$(inherited)",
				);
				GCC_WARN_64_TO_32_BIT_CONVERSION = YES;
				GCC_WARN_ABOUT_RETURN_TYPE = YES_ERROR;
				GCC_WARN_UNDECLARED_SELECTOR = YES;
				GCC_WARN_UNINITIALIZED_AUTOS = YES_AGGRESSIVE;
				GCC_WARN_UNUSED_FUNCTION = YES;
				GCC_WARN_UNUSED_VARIABLE = YES;
				LOCALIZATION_PREFERS_STRING_CATALOGS = YES;
				MTL_ENABLE_DEBUG_INFO = INCLUDE_SOURCE;
				MTL_FAST_MATH = YES;
				ONLY_ACTIVE_ARCH = YES;
				SDKROOT = xros;
				SWIFT_ACTIVE_COMPILATION_CONDITIONS = "DEBUG $(inherited)";
				SWIFT_OPTIMIZATION_LEVEL = "-Onone";
				XROS_DEPLOYMENT_TARGET = 1.2;
			};
			name = Debug;
		};
		270046B42C3CB98000ACE3D2 /* Release */ = {
			isa = XCBuildConfiguration;
			buildSettings = {
				ALWAYS_SEARCH_USER_PATHS = NO;
				ASSETCATALOG_COMPILER_GENERATE_SWIFT_ASSET_SYMBOL_EXTENSIONS = YES;
				CLANG_ANALYZER_NONNULL = YES;
				CLANG_ANALYZER_NUMBER_OBJECT_CONVERSION = YES_AGGRESSIVE;
				CLANG_CXX_LANGUAGE_STANDARD = "gnu++20";
				CLANG_ENABLE_MODULES = YES;
				CLANG_ENABLE_OBJC_ARC = YES;
				CLANG_ENABLE_OBJC_WEAK = YES;
				CLANG_WARN_BLOCK_CAPTURE_AUTORELEASING = YES;
				CLANG_WARN_BOOL_CONVERSION = YES;
				CLANG_WARN_COMMA = YES;
				CLANG_WARN_CONSTANT_CONVERSION = YES;
				CLANG_WARN_DEPRECATED_OBJC_IMPLEMENTATIONS = YES;
				CLANG_WARN_DIRECT_OBJC_ISA_USAGE = YES_ERROR;
				CLANG_WARN_DOCUMENTATION_COMMENTS = YES;
				CLANG_WARN_EMPTY_BODY = YES;
				CLANG_WARN_ENUM_CONVERSION = YES;
				CLANG_WARN_INFINITE_RECURSION = YES;
				CLANG_WARN_INT_CONVERSION = YES;
				CLANG_WARN_NON_LITERAL_NULL_CONVERSION = YES;
				CLANG_WARN_OBJC_IMPLICIT_RETAIN_SELF = YES;
				CLANG_WARN_OBJC_LITERAL_CONVERSION = YES;
				CLANG_WARN_OBJC_ROOT_CLASS = YES_ERROR;
				CLANG_WARN_QUOTED_INCLUDE_IN_FRAMEWORK_HEADER = YES;
				CLANG_WARN_RANGE_LOOP_ANALYSIS = YES;
				CLANG_WARN_STRICT_PROTOTYPES = YES;
				CLANG_WARN_SUSPICIOUS_MOVE = YES;
				CLANG_WARN_UNGUARDED_AVAILABILITY = YES_AGGRESSIVE;
				CLANG_WARN_UNREACHABLE_CODE = YES;
				CLANG_WARN__DUPLICATE_METHOD_MATCH = YES;
				COPY_PHASE_STRIP = NO;
				DEBUG_INFORMATION_FORMAT = "dwarf-with-dsym";
				ENABLE_NS_ASSERTIONS = NO;
				ENABLE_STRICT_OBJC_MSGSEND = YES;
				ENABLE_USER_SCRIPT_SANDBOXING = YES;
				GCC_C_LANGUAGE_STANDARD = gnu17;
				GCC_NO_COMMON_BLOCKS = YES;
				GCC_WARN_64_TO_32_BIT_CONVERSION = YES;
				GCC_WARN_ABOUT_RETURN_TYPE = YES_ERROR;
				GCC_WARN_UNDECLARED_SELECTOR = YES;
				GCC_WARN_UNINITIALIZED_AUTOS = YES_AGGRESSIVE;
				GCC_WARN_UNUSED_FUNCTION = YES;
				GCC_WARN_UNUSED_VARIABLE = YES;
				LOCALIZATION_PREFERS_STRING_CATALOGS = YES;
				MTL_ENABLE_DEBUG_INFO = NO;
				MTL_FAST_MATH = YES;
				SDKROOT = xros;
				SWIFT_COMPILATION_MODE = wholemodule;
				VALIDATE_PRODUCT = YES;
				XROS_DEPLOYMENT_TARGET = 1.2;
			};
			name = Release;
		};
		270046B62C3CB98000ACE3D2 /* Debug */ = {
			isa = XCBuildConfiguration;
			buildSettings = {
				ASSETCATALOG_COMPILER_APPICON_NAME = AppIcon;
				ASSETCATALOG_COMPILER_GLOBAL_ACCENT_COLOR_NAME = AccentColor;
				CODE_SIGN_STYLE = Automatic;
				CURRENT_PROJECT_VERSION = 1;
				DEVELOPMENT_ASSET_PATHS = "\"Structure/Preview Content\"";
				ENABLE_PREVIEWS = YES;
				GENERATE_INFOPLIST_FILE = YES;
				INFOPLIST_FILE = "$(TARGET_NAME)/Info.plist";
				LD_RUNPATH_SEARCH_PATHS = (
					"$(inherited)",
					"@executable_path/Frameworks",
				);
				MARKETING_VERSION = 1.0;
				PRODUCT_BUNDLE_IDENTIFIER = co.clicketyclacks.Structure;
				PRODUCT_NAME = "$(TARGET_NAME)";
				SUPPORTED_PLATFORMS = "xros xrsimulator";
				SWIFT_EMIT_LOC_STRINGS = YES;
				SWIFT_VERSION = 5.0;
				TARGETED_DEVICE_FAMILY = "1,2,7";
			};
			name = Debug;
		};
		270046B72C3CB98000ACE3D2 /* Release */ = {
			isa = XCBuildConfiguration;
			buildSettings = {
				ASSETCATALOG_COMPILER_APPICON_NAME = AppIcon;
				ASSETCATALOG_COMPILER_GLOBAL_ACCENT_COLOR_NAME = AccentColor;
				CODE_SIGN_STYLE = Automatic;
				CURRENT_PROJECT_VERSION = 1;
				DEVELOPMENT_ASSET_PATHS = "\"Structure/Preview Content\"";
				ENABLE_PREVIEWS = YES;
				GENERATE_INFOPLIST_FILE = YES;
				INFOPLIST_FILE = "$(TARGET_NAME)/Info.plist";
				LD_RUNPATH_SEARCH_PATHS = (
					"$(inherited)",
					"@executable_path/Frameworks",
				);
				MARKETING_VERSION = 1.0;
				PRODUCT_BUNDLE_IDENTIFIER = co.clicketyclacks.Structure;
				PRODUCT_NAME = "$(TARGET_NAME)";
				SUPPORTED_PLATFORMS = "xros xrsimulator";
				SWIFT_EMIT_LOC_STRINGS = YES;
				SWIFT_VERSION = 5.0;
				TARGETED_DEVICE_FAMILY = "1,2,7";
			};
			name = Release;
		};
		270046B92C3CB98000ACE3D2 /* Debug */ = {
			isa = XCBuildConfiguration;
			buildSettings = {
				ALWAYS_EMBED_SWIFT_STANDARD_LIBRARIES = YES;
				BUNDLE_LOADER = "$(TEST_HOST)";
				CODE_SIGN_STYLE = Automatic;
				CURRENT_PROJECT_VERSION = 1;
				GENERATE_INFOPLIST_FILE = YES;
				MARKETING_VERSION = 1.0;
				PRODUCT_BUNDLE_IDENTIFIER = co.clicketyclacks.StructureTests;
				PRODUCT_NAME = "$(TARGET_NAME)";
				SUPPORTED_PLATFORMS = "xros xrsimulator";
				SWIFT_EMIT_LOC_STRINGS = NO;
				SWIFT_VERSION = 5.0;
				TARGETED_DEVICE_FAMILY = "1,2,7";
				TEST_HOST = "$(BUILT_PRODUCTS_DIR)/Structure.app/$(BUNDLE_EXECUTABLE_FOLDER_PATH)/Structure";
				XROS_DEPLOYMENT_TARGET = 1.2;
			};
			name = Debug;
		};
		270046BA2C3CB98000ACE3D2 /* Release */ = {
			isa = XCBuildConfiguration;
			buildSettings = {
				ALWAYS_EMBED_SWIFT_STANDARD_LIBRARIES = YES;
				BUNDLE_LOADER = "$(TEST_HOST)";
				CODE_SIGN_STYLE = Automatic;
				CURRENT_PROJECT_VERSION = 1;
				GENERATE_INFOPLIST_FILE = YES;
				MARKETING_VERSION = 1.0;
				PRODUCT_BUNDLE_IDENTIFIER = co.clicketyclacks.StructureTests;
				PRODUCT_NAME = "$(TARGET_NAME)";
				SUPPORTED_PLATFORMS = "xros xrsimulator";
				SWIFT_EMIT_LOC_STRINGS = NO;
				SWIFT_VERSION = 5.0;
				TARGETED_DEVICE_FAMILY = "1,2,7";
				TEST_HOST = "$(BUILT_PRODUCTS_DIR)/Structure.app/$(BUNDLE_EXECUTABLE_FOLDER_PATH)/Structure";
				XROS_DEPLOYMENT_TARGET = 1.2;
			};
			name = Release;
		};
/* End XCBuildConfiguration section */

/* Begin XCConfigurationList section */
		270046912C3CB97E00ACE3D2 /* Build configuration list for PBXProject "Structure" */ = {
			isa = XCConfigurationList;
			buildConfigurations = (
				270046B32C3CB98000ACE3D2 /* Debug */,
				270046B42C3CB98000ACE3D2 /* Release */,
			);
			defaultConfigurationIsVisible = 0;
			defaultConfigurationName = Release;
		};
		270046B52C3CB98000ACE3D2 /* Build configuration list for PBXNativeTarget "Structure" */ = {
			isa = XCConfigurationList;
			buildConfigurations = (
				270046B62C3CB98000ACE3D2 /* Debug */,
				270046B72C3CB98000ACE3D2 /* Release */,
			);
			defaultConfigurationIsVisible = 0;
			defaultConfigurationName = Release;
		};
		270046B82C3CB98000ACE3D2 /* Build configuration list for PBXNativeTarget "StructureTests" */ = {
			isa = XCConfigurationList;
			buildConfigurations = (
				270046B92C3CB98000ACE3D2 /* Debug */,
				270046BA2C3CB98000ACE3D2 /* Release */,
			);
			defaultConfigurationIsVisible = 0;
			defaultConfigurationName = Release;
		};
/* End XCConfigurationList section */

/* Begin XCSwiftPackageProductDependency section */
		2700469B2C3CB97E00ACE3D2 /* RealityKitContent */ = {
			isa = XCSwiftPackageProductDependency;
			productName = RealityKitContent;
		};
/* End XCSwiftPackageProductDependency section */
	};
	rootObject = 2700468E2C3CB97E00ACE3D2 /* Project object */;
}
